
Microsoft Visual Studio Solution File, Format Version 12.00
# Visual Studio Version 17
VisualStudioVersion = 17.14.36414.22 d17.14
MinimumVisualStudioVersion = 10.0.40219.1
Project("{FAE04EC0-301F-11D3-BF4B-00C04F79EFBC}") = "SlideshowApp", "SlideshowApp.csproj", "{A9243937-64C5-390E-27B2-41ABC24D586D}"
EndProject
Global
	GlobalSection(SolutionConfigurationPlatforms) = preSolution
		Debug|Any CPU = Debug|Any CPU
		Release|Any CPU = Release|Any CPU
	EndGlobalSection
	GlobalSection(ProjectConfigurationPlatforms) = postSolution
		{A9243937-64C5-390E-27B2-41ABC24D586D}.Debug|Any CPU.ActiveCfg = Debug|Any CPU
		{A9243937-64C5-390E-27B2-41ABC24D586D}.Debug|Any CPU.Build.0 = Debug|Any CPU
		{A9243937-64C5-390E-27B2-41ABC24D586D}.Release|Any CPU.ActiveCfg = Release|Any CPU
		{A9243937-64C5-390E-27B2-41ABC24D586D}.Release|Any CPU.Build.0 = Release|Any CPU
	EndGlobalSection
	GlobalSection(SolutionProperties) = preSolution
		HideSolutionNode = FALSE
	EndGlobalSection
	GlobalSection(ExtensibilityGlobals) = postSolution
		SolutionGuid = {8169DE1B-71EA-471D-B155-1E2F5429919B}
	EndGlobalSection
EndGlobal
